
Microsoft Visual Studio Solution File, Format Version 12.00
Project("{FAE04EC0-301F-11D3-BF4B-00C04F79EFBC}") = "EmployeesManagement", "EmployeesManagement\EmployeesManagement.csproj", "{1EDF6D11-A3B3-4CB9-A41E-1AD1298A5669}"
EndProject
Global
	GlobalSection(SolutionConfigurationPlatforms) = preSolution
		Debug|Any CPU = Debug|Any CPU
		Release|Any CPU = Release|Any CPU
	EndGlobalSection
	GlobalSection(ProjectConfigurationPlatforms) = postSolution
		{1EDF6D11-A3B3-4CB9-A41E-1AD1298A5669}.Debug|Any CPU.ActiveCfg = Debug|Any CPU
		{1EDF6D11-A3B3-4CB9-A41E-1AD1298A5669}.Debug|Any CPU.Build.0 = Debug|Any CPU
		{1EDF6D11-A3B3-4CB9-A41E-1AD1298A5669}.Release|Any CPU.ActiveCfg = Release|Any CPU
		{1EDF6D11-A3B3-4CB9-A41E-1AD1298A5669}.Release|Any CPU.Build.0 = Release|Any CPU
	EndGlobalSection
EndGlobal
